
Microsoft Visual Studio Solution File, Format Version 12.00
# Visual Studio Version 17
VisualStudioVersion = 17.7.34202.233
MinimumVisualStudioVersion = 10.0.40219.1
Project("{9A19103F-16F7-4668-BE54-9A1E7A4F7556}") = "AndroidTemplate", "AndroidTemplate\AndroidTemplate.csproj", "{58387A8C-EC92-4B9B-A98B-2EA119E09332}"
EndProject
Global
	GlobalSection(SolutionConfigurationPlatforms) = preSolution
		Debug|Any CPU = Debug|Any CPU
		Release|Any CPU = Release|Any CPU
	EndGlobalSection
	GlobalSection(ProjectConfigurationPlatforms) = postSolution
		{58387A8C-EC92-4B9B-A98B-2EA119E09332}.Debug|Any CPU.ActiveCfg = Debug|Any CPU
		{58387A8C-EC92-4B9B-A98B-2EA119E09332}.Debug|Any CPU.Build.0 = Debug|Any CPU
		{58387A8C-EC92-4B9B-A98B-2EA119E09332}.Debug|Any CPU.Deploy.0 = Debug|Any CPU
		{58387A8C-EC92-4B9B-A98B-2EA119E09332}.Release|Any CPU.ActiveCfg = Release|Any CPU
		{58387A8C-EC92-4B9B-A98B-2EA119E09332}.Release|Any CPU.Build.0 = Release|Any CPU
	EndGlobalSection
	GlobalSection(SolutionProperties) = preSolution
		HideSolutionNode = FALSE
	EndGlobalSection
	GlobalSection(ExtensibilityGlobals) = postSolution
		SolutionGuid = {67587073-EED9-47C3-9E8C-AFBCE4C02154}
	EndGlobalSection
EndGlobal
